
Microsoft Visual Studio Solution File, Format Version 12.00
# Visual Studio 14
VisualStudioVersion = 14.0.23107.0
MinimumVisualStudioVersion = 10.0.40219.1
Project("{FAE04EC0-301F-11D3-BF4B-00C04F79EFBC}") = "Timesheet.Api", "Timesheet.Api\Timesheet.Api.csproj", "{EE029D3A-E269-428C-994D-D065F0C73767}"
EndProject
Project("{2150E333-8FDC-42A3-9474-1A3956D46DE8}") = "API", "API", "{560208A4-C347-45D3-9573-951A5D99F939}"
EndProject
Project("{FAE04EC0-301F-11D3-BF4B-00C04F79EFBC}") = "Timesheet.Domain", "Timesheet.Domain\Timesheet.Domain.csproj", "{70525011-F151-47AF-A389-655893BA6F11}"
EndProject
Global
	GlobalSection(SolutionConfigurationPlatforms) = preSolution
		Debug|Any CPU = Debug|Any CPU
		Release|Any CPU = Release|Any CPU
	EndGlobalSection
	GlobalSection(ProjectConfigurationPlatforms) = postSolution
		{EE029D3A-E269-428C-994D-D065F0C73767}.Debug|Any CPU.ActiveCfg = Debug|Any CPU
		{EE029D3A-E269-428C-994D-D065F0C73767}.Debug|Any CPU.Build.0 = Debug|Any CPU
		{EE029D3A-E269-428C-994D-D065F0C73767}.Release|Any CPU.ActiveCfg = Release|Any CPU
		{EE029D3A-E269-428C-994D-D065F0C73767}.Release|Any CPU.Build.0 = Release|Any CPU
		{70525011-F151-47AF-A389-655893BA6F11}.Debug|Any CPU.ActiveCfg = Debug|Any CPU
		{70525011-F151-47AF-A389-655893BA6F11}.Debug|Any CPU.Build.0 = Debug|Any CPU
		{70525011-F151-47AF-A389-655893BA6F11}.Release|Any CPU.ActiveCfg = Release|Any CPU
		{70525011-F151-47AF-A389-655893BA6F11}.Release|Any CPU.Build.0 = Release|Any CPU
	EndGlobalSection
	GlobalSection(SolutionProperties) = preSolution
		HideSolutionNode = FALSE
	EndGlobalSection
	GlobalSection(NestedProjects) = preSolution
		{EE029D3A-E269-428C-994D-D065F0C73767} = {560208A4-C347-45D3-9573-951A5D99F939}
		{70525011-F151-47AF-A389-655893BA6F11} = {560208A4-C347-45D3-9573-951A5D99F939}
	EndGlobalSection
EndGlobal
