
Microsoft Visual Studio Solution File, Format Version 12.00
# Visual Studio 14
VisualStudioVersion = 14.0.24720.0
MinimumVisualStudioVersion = 10.0.40219.1
Project("{FAE04EC0-301F-11D3-BF4B-00C04F79EFBC}") = "Timesheet.Api", "Timesheet.Api\Timesheet.Api.csproj", "{EE029D3A-E269-428C-994D-D065F0C73767}"
EndProject
Project("{2150E333-8FDC-42A3-9474-1A3956D46DE8}") = "80. API", "80. API", "{560208A4-C347-45D3-9573-951A5D99F939}"
EndProject
Project("{FAE04EC0-301F-11D3-BF4B-00C04F79EFBC}") = "Timesheet.Domain", "Timesheet.Domain\Timesheet.Domain.csproj", "{70525011-F151-47AF-A389-655893BA6F11}"
EndProject
Project("{FAE04EC0-301F-11D3-BF4B-00C04F79EFBC}") = "Timesheet.Storage", "Timesheet.Storage\Timesheet.Storage.csproj", "{C217B339-28D3-4C23-9227-D2B28F0338E8}"
EndProject
Project("{2150E333-8FDC-42A3-9474-1A3956D46DE8}") = "90. Mobile Client", "90. Mobile Client", "{31173515-B5C5-485C-A180-7CB73CFA4A15}"
EndProject
Project("{FAE04EC0-301F-11D3-BF4B-00C04F79EFBC}") = "Timesheet.App", "Timesheet.App\Timesheet.App.csproj", "{EE3B3993-D490-411F-B598-7EAA76505B86}"
EndProject
Project("{2150E333-8FDC-42A3-9474-1A3956D46DE8}") = "10. Domain", "10. Domain", "{0B268B58-1B10-4BAB-9BB4-A9E677392A8B}"
EndProject
Project("{2150E333-8FDC-42A3-9474-1A3956D46DE8}") = "70. STS", "70. STS", "{EE8E9F50-4A86-4612-BDB5-A4401EDE0F23}"
EndProject
Project("{FAE04EC0-301F-11D3-BF4B-00C04F79EFBC}") = "Timesheet.STS", "Timesheet.STS\Timesheet.STS.csproj", "{09D09B34-1784-4053-89F2-20E0624DAB0E}"
EndProject
Global
	GlobalSection(SolutionConfigurationPlatforms) = preSolution
		Debug|Any CPU = Debug|Any CPU
		Debug|ARM = Debug|ARM
		Debug|x64 = Debug|x64
		Debug|x86 = Debug|x86
		Release|Any CPU = Release|Any CPU
		Release|ARM = Release|ARM
		Release|x64 = Release|x64
		Release|x86 = Release|x86
	EndGlobalSection
	GlobalSection(ProjectConfigurationPlatforms) = postSolution
		{EE029D3A-E269-428C-994D-D065F0C73767}.Debug|Any CPU.ActiveCfg = Debug|Any CPU
		{EE029D3A-E269-428C-994D-D065F0C73767}.Debug|Any CPU.Build.0 = Debug|Any CPU
		{EE029D3A-E269-428C-994D-D065F0C73767}.Debug|ARM.ActiveCfg = Debug|Any CPU
		{EE029D3A-E269-428C-994D-D065F0C73767}.Debug|ARM.Build.0 = Debug|Any CPU
		{EE029D3A-E269-428C-994D-D065F0C73767}.Debug|x64.ActiveCfg = Debug|Any CPU
		{EE029D3A-E269-428C-994D-D065F0C73767}.Debug|x64.Build.0 = Debug|Any CPU
		{EE029D3A-E269-428C-994D-D065F0C73767}.Debug|x86.ActiveCfg = Debug|Any CPU
		{EE029D3A-E269-428C-994D-D065F0C73767}.Debug|x86.Build.0 = Debug|Any CPU
		{EE029D3A-E269-428C-994D-D065F0C73767}.Release|Any CPU.ActiveCfg = Release|Any CPU
		{EE029D3A-E269-428C-994D-D065F0C73767}.Release|Any CPU.Build.0 = Release|Any CPU
		{EE029D3A-E269-428C-994D-D065F0C73767}.Release|ARM.ActiveCfg = Release|Any CPU
		{EE029D3A-E269-428C-994D-D065F0C73767}.Release|ARM.Build.0 = Release|Any CPU
		{EE029D3A-E269-428C-994D-D065F0C73767}.Release|x64.ActiveCfg = Release|Any CPU
		{EE029D3A-E269-428C-994D-D065F0C73767}.Release|x64.Build.0 = Release|Any CPU
		{EE029D3A-E269-428C-994D-D065F0C73767}.Release|x86.ActiveCfg = Release|Any CPU
		{EE029D3A-E269-428C-994D-D065F0C73767}.Release|x86.Build.0 = Release|Any CPU
		{70525011-F151-47AF-A389-655893BA6F11}.Debug|Any CPU.ActiveCfg = Debug|Any CPU
		{70525011-F151-47AF-A389-655893BA6F11}.Debug|Any CPU.Build.0 = Debug|Any CPU
		{70525011-F151-47AF-A389-655893BA6F11}.Debug|ARM.ActiveCfg = Debug|Any CPU
		{70525011-F151-47AF-A389-655893BA6F11}.Debug|ARM.Build.0 = Debug|Any CPU
		{70525011-F151-47AF-A389-655893BA6F11}.Debug|x64.ActiveCfg = Debug|Any CPU
		{70525011-F151-47AF-A389-655893BA6F11}.Debug|x64.Build.0 = Debug|Any CPU
		{70525011-F151-47AF-A389-655893BA6F11}.Debug|x86.ActiveCfg = Debug|Any CPU
		{70525011-F151-47AF-A389-655893BA6F11}.Debug|x86.Build.0 = Debug|Any CPU
		{70525011-F151-47AF-A389-655893BA6F11}.Release|Any CPU.ActiveCfg = Release|Any CPU
		{70525011-F151-47AF-A389-655893BA6F11}.Release|Any CPU.Build.0 = Release|Any CPU
		{70525011-F151-47AF-A389-655893BA6F11}.Release|ARM.ActiveCfg = Release|Any CPU
		{70525011-F151-47AF-A389-655893BA6F11}.Release|ARM.Build.0 = Release|Any CPU
		{70525011-F151-47AF-A389-655893BA6F11}.Release|x64.ActiveCfg = Release|Any CPU
		{70525011-F151-47AF-A389-655893BA6F11}.Release|x64.Build.0 = Release|Any CPU
		{70525011-F151-47AF-A389-655893BA6F11}.Release|x86.ActiveCfg = Release|Any CPU
		{70525011-F151-47AF-A389-655893BA6F11}.Release|x86.Build.0 = Release|Any CPU
		{C217B339-28D3-4C23-9227-D2B28F0338E8}.Debug|Any CPU.ActiveCfg = Debug|Any CPU
		{C217B339-28D3-4C23-9227-D2B28F0338E8}.Debug|Any CPU.Build.0 = Debug|Any CPU
		{C217B339-28D3-4C23-9227-D2B28F0338E8}.Debug|ARM.ActiveCfg = Debug|Any CPU
		{C217B339-28D3-4C23-9227-D2B28F0338E8}.Debug|ARM.Build.0 = Debug|Any CPU
		{C217B339-28D3-4C23-9227-D2B28F0338E8}.Debug|x64.ActiveCfg = Debug|Any CPU
		{C217B339-28D3-4C23-9227-D2B28F0338E8}.Debug|x64.Build.0 = Debug|Any CPU
		{C217B339-28D3-4C23-9227-D2B28F0338E8}.Debug|x86.ActiveCfg = Debug|Any CPU
		{C217B339-28D3-4C23-9227-D2B28F0338E8}.Debug|x86.Build.0 = Debug|Any CPU
		{C217B339-28D3-4C23-9227-D2B28F0338E8}.Release|Any CPU.ActiveCfg = Release|Any CPU
		{C217B339-28D3-4C23-9227-D2B28F0338E8}.Release|Any CPU.Build.0 = Release|Any CPU
		{C217B339-28D3-4C23-9227-D2B28F0338E8}.Release|ARM.ActiveCfg = Release|Any CPU
		{C217B339-28D3-4C23-9227-D2B28F0338E8}.Release|ARM.Build.0 = Release|Any CPU
		{C217B339-28D3-4C23-9227-D2B28F0338E8}.Release|x64.ActiveCfg = Release|Any CPU
		{C217B339-28D3-4C23-9227-D2B28F0338E8}.Release|x64.Build.0 = Release|Any CPU
		{C217B339-28D3-4C23-9227-D2B28F0338E8}.Release|x86.ActiveCfg = Release|Any CPU
		{C217B339-28D3-4C23-9227-D2B28F0338E8}.Release|x86.Build.0 = Release|Any CPU
		{EE3B3993-D490-411F-B598-7EAA76505B86}.Debug|Any CPU.ActiveCfg = Debug|x86
		{EE3B3993-D490-411F-B598-7EAA76505B86}.Debug|ARM.ActiveCfg = Debug|ARM
		{EE3B3993-D490-411F-B598-7EAA76505B86}.Debug|ARM.Build.0 = Debug|ARM
		{EE3B3993-D490-411F-B598-7EAA76505B86}.Debug|ARM.Deploy.0 = Debug|ARM
		{EE3B3993-D490-411F-B598-7EAA76505B86}.Debug|x64.ActiveCfg = Debug|x64
		{EE3B3993-D490-411F-B598-7EAA76505B86}.Debug|x64.Build.0 = Debug|x64
		{EE3B3993-D490-411F-B598-7EAA76505B86}.Debug|x64.Deploy.0 = Debug|x64
		{EE3B3993-D490-411F-B598-7EAA76505B86}.Debug|x86.ActiveCfg = Debug|x86
		{EE3B3993-D490-411F-B598-7EAA76505B86}.Debug|x86.Build.0 = Debug|x86
		{EE3B3993-D490-411F-B598-7EAA76505B86}.Debug|x86.Deploy.0 = Debug|x86
		{EE3B3993-D490-411F-B598-7EAA76505B86}.Release|Any CPU.ActiveCfg = Release|x86
		{EE3B3993-D490-411F-B598-7EAA76505B86}.Release|ARM.ActiveCfg = Release|ARM
		{EE3B3993-D490-411F-B598-7EAA76505B86}.Release|ARM.Build.0 = Release|ARM
		{EE3B3993-D490-411F-B598-7EAA76505B86}.Release|ARM.Deploy.0 = Release|ARM
		{EE3B3993-D490-411F-B598-7EAA76505B86}.Release|x64.ActiveCfg = Release|x64
		{EE3B3993-D490-411F-B598-7EAA76505B86}.Release|x64.Build.0 = Release|x64
		{EE3B3993-D490-411F-B598-7EAA76505B86}.Release|x64.Deploy.0 = Release|x64
		{EE3B3993-D490-411F-B598-7EAA76505B86}.Release|x86.ActiveCfg = Release|x86
		{EE3B3993-D490-411F-B598-7EAA76505B86}.Release|x86.Build.0 = Release|x86
		{EE3B3993-D490-411F-B598-7EAA76505B86}.Release|x86.Deploy.0 = Release|x86
		{09D09B34-1784-4053-89F2-20E0624DAB0E}.Debug|Any CPU.ActiveCfg = Debug|Any CPU
		{09D09B34-1784-4053-89F2-20E0624DAB0E}.Debug|Any CPU.Build.0 = Debug|Any CPU
		{09D09B34-1784-4053-89F2-20E0624DAB0E}.Debug|ARM.ActiveCfg = Debug|Any CPU
		{09D09B34-1784-4053-89F2-20E0624DAB0E}.Debug|ARM.Build.0 = Debug|Any CPU
		{09D09B34-1784-4053-89F2-20E0624DAB0E}.Debug|x64.ActiveCfg = Debug|Any CPU
		{09D09B34-1784-4053-89F2-20E0624DAB0E}.Debug|x64.Build.0 = Debug|Any CPU
		{09D09B34-1784-4053-89F2-20E0624DAB0E}.Debug|x86.ActiveCfg = Debug|Any CPU
		{09D09B34-1784-4053-89F2-20E0624DAB0E}.Debug|x86.Build.0 = Debug|Any CPU
		{09D09B34-1784-4053-89F2-20E0624DAB0E}.Release|Any CPU.ActiveCfg = Release|Any CPU
		{09D09B34-1784-4053-89F2-20E0624DAB0E}.Release|Any CPU.Build.0 = Release|Any CPU
		{09D09B34-1784-4053-89F2-20E0624DAB0E}.Release|ARM.ActiveCfg = Release|Any CPU
		{09D09B34-1784-4053-89F2-20E0624DAB0E}.Release|ARM.Build.0 = Release|Any CPU
		{09D09B34-1784-4053-89F2-20E0624DAB0E}.Release|x64.ActiveCfg = Release|Any CPU
		{09D09B34-1784-4053-89F2-20E0624DAB0E}.Release|x64.Build.0 = Release|Any CPU
		{09D09B34-1784-4053-89F2-20E0624DAB0E}.Release|x86.ActiveCfg = Release|Any CPU
		{09D09B34-1784-4053-89F2-20E0624DAB0E}.Release|x86.Build.0 = Release|Any CPU
	EndGlobalSection
	GlobalSection(SolutionProperties) = preSolution
		HideSolutionNode = FALSE
	EndGlobalSection
	GlobalSection(NestedProjects) = preSolution
		{EE029D3A-E269-428C-994D-D065F0C73767} = {560208A4-C347-45D3-9573-951A5D99F939}
		{70525011-F151-47AF-A389-655893BA6F11} = {0B268B58-1B10-4BAB-9BB4-A9E677392A8B}
		{C217B339-28D3-4C23-9227-D2B28F0338E8} = {560208A4-C347-45D3-9573-951A5D99F939}
		{EE3B3993-D490-411F-B598-7EAA76505B86} = {31173515-B5C5-485C-A180-7CB73CFA4A15}
		{09D09B34-1784-4053-89F2-20E0624DAB0E} = {EE8E9F50-4A86-4612-BDB5-A4401EDE0F23}
	EndGlobalSection
EndGlobal
